// !$*UTF8*$!
{
	archiveVersion = 1;
	classes = {
	};
	objectVersion = 56;
	objects = {

/* Begin PBXBuildFile section */
		CB5DCB0E2B643A7B007D06D7 /* AppDelegate.swift in Sources */ = {isa = PBXBuildFile; fileRef = CB5DCB0D2B643A7B007D06D7 /* AppDelegate.swift */; };
		CB5DCB102B643A7B007D06D7 /* SceneDelegate.swift in Sources */ = {isa = PBXBuildFile; fileRef = CB5DCB0F2B643A7B007D06D7 /* SceneDelegate.swift */; };
		CB5DCB122B643A7B007D06D7 /* ViewController.swift in Sources */ = {isa = PBXBuildFile; fileRef = CB5DCB112B643A7B007D06D7 /* ViewController.swift */; };
		CB5DCB152B643A7B007D06D7 /* Main.storyboard in Resources */ = {isa = PBXBuildFile; fileRef = CB5DCB132B643A7B007D06D7 /* Main.storyboard */; };
		CB5DCB172B643A7F007D06D7 /* Assets.xcassets in Resources */ = {isa = PBXBuildFile; fileRef = CB5DCB162B643A7F007D06D7 /* Assets.xcassets */; };
		CB5DCB1A2B643A7F007D06D7 /* LaunchScreen.storyboard in Resources */ = {isa = PBXBuildFile; fileRef = CB5DCB182B643A7F007D06D7 /* LaunchScreen.storyboard */; };
		CB5DCB252B643A7F007D06D7 /* aTests.swift in Sources */ = {isa = PBXBuildFile; fileRef = CB5DCB242B643A7F007D06D7 /* aTests.swift */; };
		CB5DCB2F2B643A7F007D06D7 /* aUITests.swift in Sources */ = {isa = PBXBuildFile; fileRef = CB5DCB2E2B643A7F007D06D7 /* aUITests.swift */; };
		CB5DCB312B643A7F007D06D7 /* aUITestsLaunchTests.swift in Sources */ = {isa = PBXBuildFile; fileRef = CB5DCB302B643A7F007D06D7 /* aUITestsLaunchTests.swift */; };
		CB5DCB402B643FBE007D06D7 /* TwoViewController.swift in Sources */ = {isa = PBXBuildFile; fileRef = CB5DCB3F2B643FBE007D06D7 /* TwoViewController.swift */; };
/* End PBXBuildFile section */

/* Begin PBXContainerItemProxy section */
		CB5DCB212B643A7F007D06D7 /* PBXContainerItemProxy */ = {
			isa = PBXContainerItemProxy;
			containerPortal = CB5DCB022B643A7B007D06D7 /* Project object */;
			proxyType = 1;
			remoteGlobalIDString = CB5DCB092B643A7B007D06D7;
			remoteInfo = a;
		};
		CB5DCB2B2B643A7F007D06D7 /* PBXContainerItemProxy */ = {
			isa = PBXContainerItemProxy;
			containerPortal = CB5DCB022B643A7B007D06D7 /* Project object */;
			proxyType = 1;
			remoteGlobalIDString = CB5DCB092B643A7B007D06D7;
			remoteInfo = a;
		};
/* End PBXContainerItemProxy section */

/* Begin PBXFileReference section */
		CB5DCB0A2B643A7B007D06D7 /* a.app */ = {isa = PBXFileReference; explicitFileType = wrapper.application; includeInIndex = 0; path = a.app; sourceTree = BUILT_PRODUCTS_DIR; };
		CB5DCB0D2B643A7B007D06D7 /* AppDelegate.swift */ = {isa = PBXFileReference; lastKnownFileType = sourcecode.swift; path = AppDelegate.swift; sourceTree = "<group>"; };
		CB5DCB0F2B643A7B007D06D7 /* SceneDelegate.swift */ = {isa = PBXFileReference; lastKnownFileType = sourcecode.swift; path = SceneDelegate.swift; sourceTree = "<group>"; };
		CB5DCB112B643A7B007D06D7 /* ViewController.swift */ = {isa = PBXFileReference; lastKnownFileType = sourcecode.swift; path = ViewController.swift; sourceTree = "<group>"; };
		CB5DCB142B643A7B007D06D7 /* Base */ = {isa = PBXFileReference; lastKnownFileType = file.storyboard; name = Base; path = Base.lproj/Main.storyboard; sourceTree = "<group>"; };
		CB5DCB162B643A7F007D06D7 /* Assets.xcassets */ = {isa = PBXFileReference; lastKnownFileType = folder.assetcatalog; path = Assets.xcassets; sourceTree = "<group>"; };
		CB5DCB192B643A7F007D06D7 /* Base */ = {isa = PBXFileReference; lastKnownFileType = file.storyboard; name = Base; path = Base.lproj/LaunchScreen.storyboard; sourceTree = "<group>"; };
		CB5DCB1B2B643A7F007D06D7 /* Info.plist */ = {isa = PBXFileReference; lastKnownFileType = text.plist.xml; path = Info.plist; sourceTree = "<group>"; };
		CB5DCB202B643A7F007D06D7 /* aTests.xctest */ = {isa = PBXFileReference; explicitFileType = wrapper.cfbundle; includeInIndex = 0; path = aTests.xctest; sourceTree = BUILT_PRODUCTS_DIR; };
		CB5DCB242B643A7F007D06D7 /* aTests.swift */ = {isa = PBXFileReference; lastKnownFileType = sourcecode.swift; path = aTests.swift; sourceTree = "<group>"; };
		CB5DCB2A2B643A7F007D06D7 /* aUITests.xctest */ = {isa = PBXFileReference; explicitFileType = wrapper.cfbundle; includeInIndex = 0; path = aUITests.xctest; sourceTree = BUILT_PRODUCTS_DIR; };
		CB5DCB2E2B643A7F007D06D7 /* aUITests.swift */ = {isa = PBXFileReference; lastKnownFileType = sourcecode.swift; path = aUITests.swift; sourceTree = "<group>"; };
		CB5DCB302B643A7F007D06D7 /* aUITestsLaunchTests.swift */ = {isa = PBXFileReference; lastKnownFileType = sourcecode.swift; path = aUITestsLaunchTests.swift; sourceTree = "<group>"; };
		CB5DCB3F2B643FBE007D06D7 /* TwoViewController.swift */ = {isa = PBXFileReference; lastKnownFileType = sourcecode.swift; path = TwoViewController.swift; sourceTree = "<group>"; };
/* End PBXFileReference section */

/* Begin PBXFrameworksBuildPhase section */
		CB5DCB072B643A7B007D06D7 /* Frameworks */ = {
			isa = PBXFrameworksBuildPhase;
			buildActionMask = 2147483647;
			files = (
			);
			runOnlyForDeploymentPostprocessing = 0;
		};
		CB5DCB1D2B643A7F007D06D7 /* Frameworks */ = {
			isa = PBXFrameworksBuildPhase;
			buildActionMask = 2147483647;
			files = (
			);
			runOnlyForDeploymentPostprocessing = 0;
		};
		CB5DCB272B643A7F007D06D7 /* Frameworks */ = {
			isa = PBXFrameworksBuildPhase;
			buildActionMask = 2147483647;
			files = (
			);
			runOnlyForDeploymentPostprocessing = 0;
		};
/* End PBXFrameworksBuildPhase section */

/* Begin PBXGroup section */
		CB5DCB012B643A7B007D06D7 = {
			isa = PBXGroup;
			children = (
				CB5DCB0C2B643A7B007D06D7 /* a */,
				CB5DCB232B643A7F007D06D7 /* aTests */,
				CB5DCB2D2B643A7F007D06D7 /* aUITests */,
				CB5DCB0B2B643A7B007D06D7 /* Products */,
			);
			sourceTree = "<group>";
		};
		CB5DCB0B2B643A7B007D06D7 /* Products */ = {
			isa = PBXGroup;
			children = (
				CB5DCB0A2B643A7B007D06D7 /* a.app */,
				CB5DCB202B643A7F007D06D7 /* aTests.xctest */,
				CB5DCB2A2B643A7F007D06D7 /* aUITests.xctest */,
			);
			name = Products;
			sourceTree = "<group>";
		};
		CB5DCB0C2B643A7B007D06D7 /* a */ = {
			isa = PBXGroup;
			children = (
				CB5DCB0D2B643A7B007D06D7 /* AppDelegate.swift */,
				CB5DCB0F2B643A7B007D06D7 /* SceneDelegate.swift */,
				CB5DCB112B643A7B007D06D7 /* ViewController.swift */,
				CB5DCB132B643A7B007D06D7 /* Main.storyboard */,
				CB5DCB3F2B643FBE007D06D7 /* TwoViewController.swift */,
				CB5DCB162B643A7F007D06D7 /* Assets.xcassets */,
				CB5DCB182B643A7F007D06D7 /* LaunchScreen.storyboard */,
				CB5DCB1B2B643A7F007D06D7 /* Info.plist */,
			);
			path = a;
			sourceTree = "<group>";
		};
		CB5DCB232B643A7F007D06D7 /* aTests */ = {
			isa = PBXGroup;
			children = (
				CB5DCB242B643A7F007D06D7 /* aTests.swift */,
			);
			path = aTests;
			sourceTree = "<group>";
		};
		CB5DCB2D2B643A7F007D06D7 /* aUITests */ = {
			isa = PBXGroup;
			children = (
				CB5DCB2E2B643A7F007D06D7 /* aUITests.swift */,
				CB5DCB302B643A7F007D06D7 /* aUITestsLaunchTests.swift */,
			);
			path = aUITests;
			sourceTree = "<group>";
		};
/* End PBXGroup section */

/* Begin PBXNativeTarget section */
		CB5DCB092B643A7B007D06D7 /* a */ = {
			isa = PBXNativeTarget;
			buildConfigurationList = CB5DCB342B643A7F007D06D7 /* Build configuration list for PBXNativeTarget "a" */;
			buildPhases = (
				CB5DCB062B643A7B007D06D7 /* Sources */,
				CB5DCB072B643A7B007D06D7 /* Frameworks */,
				CB5DCB082B643A7B007D06D7 /* Resources */,
			);
			buildRules = (
			);
			dependencies = (
			);
			name = a;
			productName = a;
			productReference = CB5DCB0A2B643A7B007D06D7 /* a.app */;
			productType = "com.apple.product-type.application";
		};
		CB5DCB1F2B643A7F007D06D7 /* aTests */ = {
			isa = PBXNativeTarget;
			buildConfigurationList = CB5DCB372B643A7F007D06D7 /* Build configuration list for PBXNativeTarget "aTests" */;
			buildPhases = (
				CB5DCB1C2B643A7F007D06D7 /* Sources */,
				CB5DCB1D2B643A7F007D06D7 /* Frameworks */,
				CB5DCB1E2B643A7F007D06D7 /* Resources */,
			);
			buildRules = (
			);
			dependencies = (
				CB5DCB222B643A7F007D06D7 /* PBXTargetDependency */,
			);
			name = aTests;
			productName = aTests;
			productReference = CB5DCB202B643A7F007D06D7 /* aTests.xctest */;
			productType = "com.apple.product-type.bundle.unit-test";
		};
		CB5DCB292B643A7F007D06D7 /* aUITests */ = {
			isa = PBXNativeTarget;
			buildConfigurationList = CB5DCB3A2B643A7F007D06D7 /* Build configuration list for PBXNativeTarget "aUITests" */;
			buildPhases = (
				CB5DCB262B643A7F007D06D7 /* Sources */,
				CB5DCB272B643A7F007D06D7 /* Frameworks */,
				CB5DCB282B643A7F007D06D7 /* Resources */,
			);
			buildRules = (
			);
			dependencies = (
				CB5DCB2C2B643A7F007D06D7 /* PBXTargetDependency */,
			);
			name = aUITests;
			productName = aUITests;
			productReference = CB5DCB2A2B643A7F007D06D7 /* aUITests.xctest */;
			productType = "com.apple.product-type.bundle.ui-testing";
		};
/* End PBXNativeTarget section */

/* Begin PBXProject section */
		CB5DCB022B643A7B007D06D7 /* Project object */ = {
			isa = PBXProject;
			attributes = {
				BuildIndependentTargetsInParallel = 1;
				LastSwiftUpdateCheck = 1500;
				LastUpgradeCheck = 1500;
				TargetAttributes = {
					CB5DCB092B643A7B007D06D7 = {
						CreatedOnToolsVersion = 15.0.1;
					};
					CB5DCB1F2B643A7F007D06D7 = {
						CreatedOnToolsVersion = 15.0.1;
						TestTargetID = CB5DCB092B643A7B007D06D7;
					};
					CB5DCB292B643A7F007D06D7 = {
						CreatedOnToolsVersion = 15.0.1;
						TestTargetID = CB5DCB092B643A7B007D06D7;
					};
				};
			};
			buildConfigurationList = CB5DCB052B643A7B007D06D7 /* Build configuration list for PBXProject "a" */;
			compatibilityVersion = "Xcode 14.0";
			developmentRegion = en;
			hasScannedForEncodings = 0;
			knownRegions = (
				en,
				Base,
			);
			mainGroup = CB5DCB012B643A7B007D06D7;
			productRefGroup = CB5DCB0B2B643A7B007D06D7 /* Products */;
			projectDirPath = "";
			projectRoot = "";
			targets = (
				CB5DCB092B643A7B007D06D7 /* a */,
				CB5DCB1F2B643A7F007D06D7 /* aTests */,
				CB5DCB292B643A7F007D06D7 /* aUITests */,
			);
		};
/* End PBXProject section */

/* Begin PBXResourcesBuildPhase section */
		CB5DCB082B643A7B007D06D7 /* Resources */ = {
			isa = PBXResourcesBuildPhase;
			buildActionMask = 2147483647;
			files = (
				CB5DCB1A2B643A7F007D06D7 /* LaunchScreen.storyboard in Resources */,
				CB5DCB172B643A7F007D06D7 /* Assets.xcassets in Resources */,
				CB5DCB152B643A7B007D06D7 /* Main.storyboard in Resources */,
			);
			runOnlyForDeploymentPostprocessing = 0;
		};
		CB5DCB1E2B643A7F007D06D7 /* Resources */ = {
			isa = PBXResourcesBuildPhase;
			buildActionMask = 2147483647;
			files = (
			);
			runOnlyForDeploymentPostprocessing = 0;
		};
		CB5DCB282B643A7F007D06D7 /* Resources */ = {
			isa = PBXResourcesBuildPhase;
			buildActionMask = 2147483647;
			files = (
			);
			runOnlyForDeploymentPostprocessing = 0;
		};
/* End PBXResourcesBuildPhase section */

/* Begin PBXSourcesBuildPhase section */
		CB5DCB062B643A7B007D06D7 /* Sources */ = {
			isa = PBXSourcesBuildPhase;
			buildActionMask = 2147483647;
			files = (
				CB5DCB122B643A7B007D06D7 /* ViewController.swift in Sources */,
				CB5DCB0E2B643A7B007D06D7 /* AppDelegate.swift in Sources */,
				CB5DCB102B643A7B007D06D7 /* SceneDelegate.swift in Sources */,
				CB5DCB402B643FBE007D06D7 /* TwoViewController.swift in Sources */,
			);
			runOnlyForDeploymentPostprocessing = 0;
		};
		CB5DCB1C2B643A7F007D06D7 /* Sources */ = {
			isa = PBXSourcesBuildPhase;
			buildActionMask = 2147483647;
			files = (
				CB5DCB252B643A7F007D06D7 /* aTests.swift in Sources */,
			);
			runOnlyForDeploymentPostprocessing = 0;
		};
		CB5DCB262B643A7F007D06D7 /* Sources */ = {
			isa = PBXSourcesBuildPhase;
			buildActionMask = 2147483647;
			files = (
				CB5DCB312B643A7F007D06D7 /* aUITestsLaunchTests.swift in Sources */,
				CB5DCB2F2B643A7F007D06D7 /* aUITests.swift in Sources */,
			);
			runOnlyForDeploymentPostprocessing = 0;
		};
/* End PBXSourcesBuildPhase section */

/* Begin PBXTargetDependency section */
		CB5DCB222B643A7F007D06D7 /* PBXTargetDependency */ = {
			isa = PBXTargetDependency;
			target = CB5DCB092B643A7B007D06D7 /* a */;
			targetProxy = CB5DCB212B643A7F007D06D7 /* PBXContainerItemProxy */;
		};
		CB5DCB2C2B643A7F007D06D7 /* PBXTargetDependency */ = {
			isa = PBXTargetDependency;
			target = CB5DCB092B643A7B007D06D7 /* a */;
			targetProxy = CB5DCB2B2B643A7F007D06D7 /* PBXContainerItemProxy */;
		};
/* End PBXTargetDependency section */

/* Begin PBXVariantGroup section */
		CB5DCB132B643A7B007D06D7 /* Main.storyboard */ = {
			isa = PBXVariantGroup;
			children = (
				CB5DCB142B643A7B007D06D7 /* Base */,
			);
			name = Main.storyboard;
			sourceTree = "<group>";
		};
		CB5DCB182B643A7F007D06D7 /* LaunchScreen.storyboard */ = {
			isa = PBXVariantGroup;
			children = (
				CB5DCB192B643A7F007D06D7 /* Base */,
			);
			name = LaunchScreen.storyboard;
			sourceTree = "<group>";
		};
/* End PBXVariantGroup section */

/* Begin XCBuildConfiguration section */
		CB5DCB322B643A7F007D06D7 /* Debug */ = {
			isa = XCBuildConfiguration;
			buildSettings = {
				ALWAYS_SEARCH_USER_PATHS = NO;
				ASSETCATALOG_COMPILER_GENERATE_SWIFT_ASSET_SYMBOL_EXTENSIONS = YES;
				CLANG_ANALYZER_NONNULL = YES;
				CLANG_ANALYZER_NUMBER_OBJECT_CONVERSION = YES_AGGRESSIVE;
				CLANG_CXX_LANGUAGE_STANDARD = "gnu++20";
				CLANG_ENABLE_MODULES = YES;
				CLANG_ENABLE_OBJC_ARC = YES;
				CLANG_ENABLE_OBJC_WEAK = YES;
				CLANG_WARN_BLOCK_CAPTURE_AUTORELEASING = YES;
				CLANG_WARN_BOOL_CONVERSION = YES;
				CLANG_WARN_COMMA = YES;
				CLANG_WARN_CONSTANT_CONVERSION = YES;
				CLANG_WARN_DEPRECATED_OBJC_IMPLEMENTATIONS = YES;
				CLANG_WARN_DIRECT_OBJC_ISA_USAGE = YES_ERROR;
				CLANG_WARN_DOCUMENTATION_COMMENTS = YES;
				CLANG_WARN_EMPTY_BODY = YES;
				CLANG_WARN_ENUM_CONVERSION = YES;
				CLANG_WARN_INFINITE_RECURSION = YES;
				CLANG_WARN_INT_CONVERSION = YES;
				CLANG_WARN_NON_LITERAL_NULL_CONVERSION = YES;
				CLANG_WARN_OBJC_IMPLICIT_RETAIN_SELF = YES;
				CLANG_WARN_OBJC_LITERAL_CONVERSION = YES;
				CLANG_WARN_OBJC_ROOT_CLASS = YES_ERROR;
				CLANG_WARN_QUOTED_INCLUDE_IN_FRAMEWORK_HEADER = YES;
				CLANG_WARN_RANGE_LOOP_ANALYSIS = YES;
				CLANG_WARN_STRICT_PROTOTYPES = YES;
				CLANG_WARN_SUSPICIOUS_MOVE = YES;
				CLANG_WARN_UNGUARDED_AVAILABILITY = YES_AGGRESSIVE;
				CLANG_WARN_UNREACHABLE_CODE = YES;
				CLANG_WARN__DUPLICATE_METHOD_MATCH = YES;
				COPY_PHASE_STRIP = NO;
				DEBUG_INFORMATION_FORMAT = dwarf;
				ENABLE_STRICT_OBJC_MSGSEND = YES;
				ENABLE_TESTABILITY = YES;
				ENABLE_USER_SCRIPT_SANDBOXING = YES;
				GCC_C_LANGUAGE_STANDARD = gnu17;
				GCC_DYNAMIC_NO_PIC = NO;
				GCC_NO_COMMON_BLOCKS = YES;
				GCC_OPTIMIZATION_LEVEL = 0;
				GCC_PREPROCESSOR_DEFINITIONS = (
					"DEBUG=1",
					"$(inherited)",
				);
				GCC_WARN_64_TO_32_BIT_CONVERSION = YES;
				GCC_WARN_ABOUT_RETURN_TYPE = YES_ERROR;
				GCC_WARN_UNDECLARED_SELECTOR = YES;
				GCC_WARN_UNINITIALIZED_AUTOS = YES_AGGRESSIVE;
				GCC_WARN_UNUSED_FUNCTION = YES;
				GCC_WARN_UNUSED_VARIABLE = YES;
				IPHONEOS_DEPLOYMENT_TARGET = 17.0;
				LOCALIZATION_PREFERS_STRING_CATALOGS = YES;
				MTL_ENABLE_DEBUG_INFO = INCLUDE_SOURCE;
				MTL_FAST_MATH = YES;
				ONLY_ACTIVE_ARCH = YES;
				SDKROOT = iphoneos;
				SWIFT_ACTIVE_COMPILATION_CONDITIONS = "DEBUG $(inherited)";
				SWIFT_OPTIMIZATION_LEVEL = "-Onone";
			};
			name = Debug;
		};
		CB5DCB332B643A7F007D06D7 /* Release */ = {
			isa = XCBuildConfiguration;
			buildSettings = {
				ALWAYS_SEARCH_USER_PATHS = NO;
				ASSETCATALOG_COMPILER_GENERATE_SWIFT_ASSET_SYMBOL_EXTENSIONS = YES;
				CLANG_ANALYZER_NONNULL = YES;
				CLANG_ANALYZER_NUMBER_OBJECT_CONVERSION = YES_AGGRESSIVE;
				CLANG_CXX_LANGUAGE_STANDARD = "gnu++20";
				CLANG_ENABLE_MODULES = YES;
				CLANG_ENABLE_OBJC_ARC = YES;
				CLANG_ENABLE_OBJC_WEAK = YES;
				CLANG_WARN_BLOCK_CAPTURE_AUTORELEASING = YES;
				CLANG_WARN_BOOL_CONVERSION = YES;
				CLANG_WARN_COMMA = YES;
				CLANG_WARN_CONSTANT_CONVERSION = YES;
				CLANG_WARN_DEPRECATED_OBJC_IMPLEMENTATIONS = YES;
				CLANG_WARN_DIRECT_OBJC_ISA_USAGE = YES_ERROR;
				CLANG_WARN_DOCUMENTATION_COMMENTS = YES;
				CLANG_WARN_EMPTY_BODY = YES;
				CLANG_WARN_ENUM_CONVERSION = YES;
				CLANG_WARN_INFINITE_RECURSION = YES;
				CLANG_WARN_INT_CONVERSION = YES;
				CLANG_WARN_NON_LITERAL_NULL_CONVERSION = YES;
				CLANG_WARN_OBJC_IMPLICIT_RETAIN_SELF = YES;
				CLANG_WARN_OBJC_LITERAL_CONVERSION = YES;
				CLANG_WARN_OBJC_ROOT_CLASS = YES_ERROR;
				CLANG_WARN_QUOTED_INCLUDE_IN_FRAMEWORK_HEADER = YES;
				CLANG_WARN_RANGE_LOOP_ANALYSIS = YES;
				CLANG_WARN_STRICT_PROTOTYPES = YES;
				CLANG_WARN_SUSPICIOUS_MOVE = YES;
				CLANG_WARN_UNGUARDED_AVAILABILITY = YES_AGGRESSIVE;
				CLANG_WARN_UNREACHABLE_CODE = YES;
				CLANG_WARN__DUPLICATE_METHOD_MATCH = YES;
				COPY_PHASE_STRIP = NO;
				DEBUG_INFORMATION_FORMAT = "dwarf-with-dsym";
				ENABLE_NS_ASSERTIONS = NO;
				ENABLE_STRICT_OBJC_MSGSEND = YES;
				ENABLE_USER_SCRIPT_SANDBOXING = YES;
				GCC_C_LANGUAGE_STANDARD = gnu17;
				GCC_NO_COMMON_BLOCKS = YES;
				GCC_WARN_64_TO_32_BIT_CONVERSION = YES;
				GCC_WARN_ABOUT_RETURN_TYPE = YES_ERROR;
				GCC_WARN_UNDECLARED_SELECTOR = YES;
				GCC_WARN_UNINITIALIZED_AUTOS = YES_AGGRESSIVE;
				GCC_WARN_UNUSED_FUNCTION = YES;
				GCC_WARN_UNUSED_VARIABLE = YES;
				IPHONEOS_DEPLOYMENT_TARGET = 17.0;
				LOCALIZATION_PREFERS_STRING_CATALOGS = YES;
				MTL_ENABLE_DEBUG_INFO = NO;
				MTL_FAST_MATH = YES;
				SDKROOT = iphoneos;
				SWIFT_COMPILATION_MODE = wholemodule;
				VALIDATE_PRODUCT = YES;
			};
			name = Release;
		};
		CB5DCB352B643A7F007D06D7 /* Debug */ = {
			isa = XCBuildConfiguration;
			buildSettings = {
				ASSETCATALOG_COMPILER_APPICON_NAME = AppIcon;
				ASSETCATALOG_COMPILER_GLOBAL_ACCENT_COLOR_NAME = AccentColor;
				CODE_SIGN_STYLE = Automatic;
				CURRENT_PROJECT_VERSION = 1;
				DEVELOPMENT_TEAM = 5AFVTFTHHH;
				GENERATE_INFOPLIST_FILE = YES;
				INFOPLIST_FILE = a/Info.plist;
				INFOPLIST_KEY_UIApplicationSupportsIndirectInputEvents = YES;
				INFOPLIST_KEY_UILaunchStoryboardName = LaunchScreen;
				INFOPLIST_KEY_UIMainStoryboardFile = Main;
				INFOPLIST_KEY_UISupportedInterfaceOrientations_iPad = "UIInterfaceOrientationPortrait UIInterfaceOrientationPortraitUpsideDown UIInterfaceOrientationLandscapeLeft UIInterfaceOrientationLandscapeRight";
				INFOPLIST_KEY_UISupportedInterfaceOrientations_iPhone = "UIInterfaceOrientationPortrait UIInterfaceOrientationLandscapeLeft UIInterfaceOrientationLandscapeRight";
				LD_RUNPATH_SEARCH_PATHS = (
					"$(inherited)",
					"@executable_path/Frameworks",
				);
				MARKETING_VERSION = 1.0;
				PRODUCT_BUNDLE_IDENTIFIER = prac.a;
				PRODUCT_NAME = "$(TARGET_NAME)";
				SWIFT_EMIT_LOC_STRINGS = YES;
				SWIFT_VERSION = 5.0;
				TARGETED_DEVICE_FAMILY = "1,2";
			};
			name = Debug;
		};
		CB5DCB362B643A7F007D06D7 /* Release */ = {
			isa = XCBuildConfiguration;
			buildSettings = {
				ASSETCATALOG_COMPILER_APPICON_NAME = AppIcon;
				ASSETCATALOG_COMPILER_GLOBAL_ACCENT_COLOR_NAME = AccentColor;
				CODE_SIGN_STYLE = Automatic;
				CURRENT_PROJECT_VERSION = 1;
				DEVELOPMENT_TEAM = 5AFVTFTHHH;
				GENERATE_INFOPLIST_FILE = YES;
				INFOPLIST_FILE = a/Info.plist;
				INFOPLIST_KEY_UIApplicationSupportsIndirectInputEvents = YES;
				INFOPLIST_KEY_UILaunchStoryboardName = LaunchScreen;
				INFOPLIST_KEY_UIMainStoryboardFile = Main;
				INFOPLIST_KEY_UISupportedInterfaceOrientations_iPad = "UIInterfaceOrientationPortrait UIInterfaceOrientationPortraitUpsideDown UIInterfaceOrientationLandscapeLeft UIInterfaceOrientationLandscapeRight";
				INFOPLIST_KEY_UISupportedInterfaceOrientations_iPhone = "UIInterfaceOrientationPortrait UIInterfaceOrientationLandscapeLeft UIInterfaceOrientationLandscapeRight";
				LD_RUNPATH_SEARCH_PATHS = (
					"$(inherited)",
					"@executable_path/Frameworks",
				);
				MARKETING_VERSION = 1.0;
				PRODUCT_BUNDLE_IDENTIFIER = prac.a;
				PRODUCT_NAME = "$(TARGET_NAME)";
				SWIFT_EMIT_LOC_STRINGS = YES;
				SWIFT_VERSION = 5.0;
				TARGETED_DEVICE_FAMILY = "1,2";
			};
			name = Release;
		};
		CB5DCB382B643A7F007D06D7 /* Debug */ = {
			isa = XCBuildConfiguration;
			buildSettings = {
				ALWAYS_EMBED_SWIFT_STANDARD_LIBRARIES = YES;
				BUNDLE_LOADER = "$(TEST_HOST)";
				CODE_SIGN_STYLE = Automatic;
				CURRENT_PROJECT_VERSION = 1;
				DEVELOPMENT_TEAM = 5AFVTFTHHH;
				GENERATE_INFOPLIST_FILE = YES;
				IPHONEOS_DEPLOYMENT_TARGET = 17.0;
				MARKETING_VERSION = 1.0;
				PRODUCT_BUNDLE_IDENTIFIER = prac.aTests;
				PRODUCT_NAME = "$(TARGET_NAME)";
				SWIFT_EMIT_LOC_STRINGS = NO;
				SWIFT_VERSION = 5.0;
				TARGETED_DEVICE_FAMILY = "1,2";
				TEST_HOST = "$(BUILT_PRODUCTS_DIR)/a.app/$(BUNDLE_EXECUTABLE_FOLDER_PATH)/a";
			};
			name = Debug;
		};
		CB5DCB392B643A7F007D06D7 /* Release */ = {
			isa = XCBuildConfiguration;
			buildSettings = {
				ALWAYS_EMBED_SWIFT_STANDARD_LIBRARIES = YES;
				BUNDLE_LOADER = "$(TEST_HOST)";
				CODE_SIGN_STYLE = Automatic;
				CURRENT_PROJECT_VERSION = 1;
				DEVELOPMENT_TEAM = 5AFVTFTHHH;
				GENERATE_INFOPLIST_FILE = YES;
				IPHONEOS_DEPLOYMENT_TARGET = 17.0;
				MARKETING_VERSION = 1.0;
				PRODUCT_BUNDLE_IDENTIFIER = prac.aTests;
				PRODUCT_NAME = "$(TARGET_NAME)";
				SWIFT_EMIT_LOC_STRINGS = NO;
				SWIFT_VERSION = 5.0;
				TARGETED_DEVICE_FAMILY = "1,2";
				TEST_HOST = "$(BUILT_PRODUCTS_DIR)/a.app/$(BUNDLE_EXECUTABLE_FOLDER_PATH)/a";
			};
			name = Release;
		};
		CB5DCB3B2B643A7F007D06D7 /* Debug */ = {
			isa = XCBuildConfiguration;
			buildSettings = {
				ALWAYS_EMBED_SWIFT_STANDARD_LIBRARIES = YES;
				CODE_SIGN_STYLE = Automatic;
				CURRENT_PROJECT_VERSION = 1;
				DEVELOPMENT_TEAM = 5AFVTFTHHH;
				GENERATE_INFOPLIST_FILE = YES;
				MARKETING_VERSION = 1.0;
				PRODUCT_BUNDLE_IDENTIFIER = prac.aUITests;
				PRODUCT_NAME = "$(TARGET_NAME)";
				SWIFT_EMIT_LOC_STRINGS = NO;
				SWIFT_VERSION = 5.0;
				TARGETED_DEVICE_FAMILY = "1,2";
				TEST_TARGET_NAME = a;
			};
			name = Debug;
		};
		CB5DCB3C2B643A7F007D06D7 /* Release */ = {
			isa = XCBuildConfiguration;
			buildSettings = {
				ALWAYS_EMBED_SWIFT_STANDARD_LIBRARIES = YES;
				CODE_SIGN_STYLE = Automatic;
				CURRENT_PROJECT_VERSION = 1;
				DEVELOPMENT_TEAM = 5AFVTFTHHH;
				GENERATE_INFOPLIST_FILE = YES;
				MARKETING_VERSION = 1.0;
				PRODUCT_BUNDLE_IDENTIFIER = prac.aUITests;
				PRODUCT_NAME = "$(TARGET_NAME)";
				SWIFT_EMIT_LOC_STRINGS = NO;
				SWIFT_VERSION = 5.0;
				TARGETED_DEVICE_FAMILY = "1,2";
				TEST_TARGET_NAME = a;
			};
			name = Release;
		};
/* End XCBuildConfiguration section */

/* Begin XCConfigurationList section */
		CB5DCB052B643A7B007D06D7 /* Build configuration list for PBXProject "a" */ = {
			isa = XCConfigurationList;
			buildConfigurations = (
				CB5DCB322B643A7F007D06D7 /* Debug */,
				CB5DCB332B643A7F007D06D7 /* Release */,
			);
			defaultConfigurationIsVisible = 0;
			defaultConfigurationName = Release;
		};
		CB5DCB342B643A7F007D06D7 /* Build configuration list for PBXNativeTarget "a" */ = {
			isa = XCConfigurationList;
			buildConfigurations = (
				CB5DCB352B643A7F007D06D7 /* Debug */,
				CB5DCB362B643A7F007D06D7 /* Release */,
			);
			defaultConfigurationIsVisible = 0;
			defaultConfigurationName = Release;
		};
		CB5DCB372B643A7F007D06D7 /* Build configuration list for PBXNativeTarget "aTests" */ = {
			isa = XCConfigurationList;
			buildConfigurations = (
				CB5DCB382B643A7F007D06D7 /* Debug */,
				CB5DCB392B643A7F007D06D7 /* Release */,
			);
			defaultConfigurationIsVisible = 0;
			defaultConfigurationName = Release;
		};
		CB5DCB3A2B643A7F007D06D7 /* Build configuration list for PBXNativeTarget "aUITests" */ = {
			isa = XCConfigurationList;
			buildConfigurations = (
				CB5DCB3B2B643A7F007D06D7 /* Debug */,
				CB5DCB3C2B643A7F007D06D7 /* Release */,
			);
			defaultConfigurationIsVisible = 0;
			defaultConfigurationName = Release;
		};
/* End XCConfigurationList section */
	};
	rootObject = CB5DCB022B643A7B007D06D7 /* Project object */;
}
